
Microsoft Visual Studio Solution File, Format Version 12.00
# Visual Studio Version 17
VisualStudioVersion = 17.2.32519.379
MinimumVisualStudioVersion = 10.0.40219.1
Project("{8BC9CEB8-8B4A-11D0-8D11-00A0C91BC942}") = "B78XH", "B78XH\B78XH.vcxproj", "{D736E6DA-19FB-431F-8F48-0A9E43490063}"
EndProject
Project("{8BC9CEB8-8B4A-11D0-8D11-00A0C91BC942}") = "Tools", "Tools\Tools.vcxproj", "{7EC92233-171F-4CC6-8638-75A469C78D7C}"
EndProject
Project("{8BC9CEB8-8B4A-11D0-8D11-00A0C91BC942}") = "fmt", "fmt\fmt.vcxproj", "{06DC21B8-0B00-413A-B6D2-58C8844F94A7}"
EndProject
Project("{8BC9CEB8-8B4A-11D0-8D11-00A0C91BC942}") = "SimpleIni", "SimpleIni\SimpleIni.vcxproj", "{B0048D6F-2B70-4409-8B9B-2C4099F37770}"
EndProject
Project("{8BC9CEB8-8B4A-11D0-8D11-00A0C91BC942}") = "NanoVG", "NanoVG\NanoVG.vcxproj", "{9C025D65-9FD3-4C33-8BB4-82387922C9D3}"
EndProject
Global
	GlobalSection(SolutionConfigurationPlatforms) = preSolution
		Debug|MSFS = Debug|MSFS
		Debug|x64 = Debug|x64
		Debug|x86 = Debug|x86
		MinSizeRel|MSFS = MinSizeRel|MSFS
		MinSizeRel|x64 = MinSizeRel|x64
		MinSizeRel|x86 = MinSizeRel|x86
		Release|MSFS = Release|MSFS
		Release|x64 = Release|x64
		Release|x86 = Release|x86
		RelWithDebInfo|MSFS = RelWithDebInfo|MSFS
		RelWithDebInfo|x64 = RelWithDebInfo|x64
		RelWithDebInfo|x86 = RelWithDebInfo|x86
	EndGlobalSection
	GlobalSection(ProjectConfigurationPlatforms) = postSolution
		{D736E6DA-19FB-431F-8F48-0A9E43490063}.Debug|MSFS.ActiveCfg = Debug|MSFS
		{D736E6DA-19FB-431F-8F48-0A9E43490063}.Debug|MSFS.Build.0 = Debug|MSFS
		{D736E6DA-19FB-431F-8F48-0A9E43490063}.Debug|x64.ActiveCfg = Debug|MSFS
		{D736E6DA-19FB-431F-8F48-0A9E43490063}.Debug|x64.Build.0 = Debug|MSFS
		{D736E6DA-19FB-431F-8F48-0A9E43490063}.Debug|x86.ActiveCfg = Debug|MSFS
		{D736E6DA-19FB-431F-8F48-0A9E43490063}.Debug|x86.Build.0 = Debug|MSFS
		{D736E6DA-19FB-431F-8F48-0A9E43490063}.MinSizeRel|MSFS.ActiveCfg = Release|MSFS
		{D736E6DA-19FB-431F-8F48-0A9E43490063}.MinSizeRel|MSFS.Build.0 = Release|MSFS
		{D736E6DA-19FB-431F-8F48-0A9E43490063}.MinSizeRel|x64.ActiveCfg = Release|MSFS
		{D736E6DA-19FB-431F-8F48-0A9E43490063}.MinSizeRel|x64.Build.0 = Release|MSFS
		{D736E6DA-19FB-431F-8F48-0A9E43490063}.MinSizeRel|x86.ActiveCfg = Release|MSFS
		{D736E6DA-19FB-431F-8F48-0A9E43490063}.MinSizeRel|x86.Build.0 = Release|MSFS
		{D736E6DA-19FB-431F-8F48-0A9E43490063}.Release|MSFS.ActiveCfg = Release|MSFS
		{D736E6DA-19FB-431F-8F48-0A9E43490063}.Release|MSFS.Build.0 = Release|MSFS
		{D736E6DA-19FB-431F-8F48-0A9E43490063}.Release|x64.ActiveCfg = Release|MSFS
		{D736E6DA-19FB-431F-8F48-0A9E43490063}.Release|x64.Build.0 = Release|MSFS
		{D736E6DA-19FB-431F-8F48-0A9E43490063}.Release|x86.ActiveCfg = Release|MSFS
		{D736E6DA-19FB-431F-8F48-0A9E43490063}.Release|x86.Build.0 = Release|MSFS
		{D736E6DA-19FB-431F-8F48-0A9E43490063}.RelWithDebInfo|MSFS.ActiveCfg = Release|MSFS
		{D736E6DA-19FB-431F-8F48-0A9E43490063}.RelWithDebInfo|MSFS.Build.0 = Release|MSFS
		{D736E6DA-19FB-431F-8F48-0A9E43490063}.RelWithDebInfo|x64.ActiveCfg = Release|MSFS
		{D736E6DA-19FB-431F-8F48-0A9E43490063}.RelWithDebInfo|x64.Build.0 = Release|MSFS
		{D736E6DA-19FB-431F-8F48-0A9E43490063}.RelWithDebInfo|x86.ActiveCfg = Release|MSFS
		{D736E6DA-19FB-431F-8F48-0A9E43490063}.RelWithDebInfo|x86.Build.0 = Release|MSFS
		{7EC92233-171F-4CC6-8638-75A469C78D7C}.Debug|MSFS.ActiveCfg = Debug|MSFS
		{7EC92233-171F-4CC6-8638-75A469C78D7C}.Debug|MSFS.Build.0 = Debug|MSFS
		{7EC92233-171F-4CC6-8638-75A469C78D7C}.Debug|x64.ActiveCfg = Debug|MSFS
		{7EC92233-171F-4CC6-8638-75A469C78D7C}.Debug|x64.Build.0 = Debug|MSFS
		{7EC92233-171F-4CC6-8638-75A469C78D7C}.Debug|x86.ActiveCfg = Debug|MSFS
		{7EC92233-171F-4CC6-8638-75A469C78D7C}.Debug|x86.Build.0 = Debug|MSFS
		{7EC92233-171F-4CC6-8638-75A469C78D7C}.MinSizeRel|MSFS.ActiveCfg = Debug|MSFS
		{7EC92233-171F-4CC6-8638-75A469C78D7C}.MinSizeRel|MSFS.Build.0 = Debug|MSFS
		{7EC92233-171F-4CC6-8638-75A469C78D7C}.MinSizeRel|x64.ActiveCfg = Debug|MSFS
		{7EC92233-171F-4CC6-8638-75A469C78D7C}.MinSizeRel|x64.Build.0 = Debug|MSFS
		{7EC92233-171F-4CC6-8638-75A469C78D7C}.MinSizeRel|x86.ActiveCfg = Debug|MSFS
		{7EC92233-171F-4CC6-8638-75A469C78D7C}.MinSizeRel|x86.Build.0 = Debug|MSFS
		{7EC92233-171F-4CC6-8638-75A469C78D7C}.Release|MSFS.ActiveCfg = Release|MSFS
		{7EC92233-171F-4CC6-8638-75A469C78D7C}.Release|MSFS.Build.0 = Release|MSFS
		{7EC92233-171F-4CC6-8638-75A469C78D7C}.Release|x64.ActiveCfg = Release|MSFS
		{7EC92233-171F-4CC6-8638-75A469C78D7C}.Release|x64.Build.0 = Release|MSFS
		{7EC92233-171F-4CC6-8638-75A469C78D7C}.Release|x86.ActiveCfg = Release|MSFS
		{7EC92233-171F-4CC6-8638-75A469C78D7C}.Release|x86.Build.0 = Release|MSFS
		{7EC92233-171F-4CC6-8638-75A469C78D7C}.RelWithDebInfo|MSFS.ActiveCfg = Release|MSFS
		{7EC92233-171F-4CC6-8638-75A469C78D7C}.RelWithDebInfo|MSFS.Build.0 = Release|MSFS
		{7EC92233-171F-4CC6-8638-75A469C78D7C}.RelWithDebInfo|x64.ActiveCfg = Release|MSFS
		{7EC92233-171F-4CC6-8638-75A469C78D7C}.RelWithDebInfo|x64.Build.0 = Release|MSFS
		{7EC92233-171F-4CC6-8638-75A469C78D7C}.RelWithDebInfo|x86.ActiveCfg = Release|MSFS
		{7EC92233-171F-4CC6-8638-75A469C78D7C}.RelWithDebInfo|x86.Build.0 = Release|MSFS
		{06DC21B8-0B00-413A-B6D2-58C8844F94A7}.Debug|MSFS.ActiveCfg = Debug|MSFS
		{06DC21B8-0B00-413A-B6D2-58C8844F94A7}.Debug|MSFS.Build.0 = Debug|MSFS
		{06DC21B8-0B00-413A-B6D2-58C8844F94A7}.Debug|x64.ActiveCfg = Debug|MSFS
		{06DC21B8-0B00-413A-B6D2-58C8844F94A7}.Debug|x64.Build.0 = Debug|MSFS
		{06DC21B8-0B00-413A-B6D2-58C8844F94A7}.Debug|x86.ActiveCfg = Debug|MSFS
		{06DC21B8-0B00-413A-B6D2-58C8844F94A7}.Debug|x86.Build.0 = Debug|MSFS
		{06DC21B8-0B00-413A-B6D2-58C8844F94A7}.MinSizeRel|MSFS.ActiveCfg = Debug|MSFS
		{06DC21B8-0B00-413A-B6D2-58C8844F94A7}.MinSizeRel|MSFS.Build.0 = Debug|MSFS
		{06DC21B8-0B00-413A-B6D2-58C8844F94A7}.MinSizeRel|x64.ActiveCfg = Debug|MSFS
		{06DC21B8-0B00-413A-B6D2-58C8844F94A7}.MinSizeRel|x64.Build.0 = Debug|MSFS
		{06DC21B8-0B00-413A-B6D2-58C8844F94A7}.MinSizeRel|x86.ActiveCfg = Debug|MSFS
		{06DC21B8-0B00-413A-B6D2-58C8844F94A7}.MinSizeRel|x86.Build.0 = Debug|MSFS
		{06DC21B8-0B00-413A-B6D2-58C8844F94A7}.Release|MSFS.ActiveCfg = Release|MSFS
		{06DC21B8-0B00-413A-B6D2-58C8844F94A7}.Release|MSFS.Build.0 = Release|MSFS
		{06DC21B8-0B00-413A-B6D2-58C8844F94A7}.Release|x64.ActiveCfg = Release|MSFS
		{06DC21B8-0B00-413A-B6D2-58C8844F94A7}.Release|x64.Build.0 = Release|MSFS
		{06DC21B8-0B00-413A-B6D2-58C8844F94A7}.Release|x86.ActiveCfg = Release|MSFS
		{06DC21B8-0B00-413A-B6D2-58C8844F94A7}.Release|x86.Build.0 = Release|MSFS
		{06DC21B8-0B00-413A-B6D2-58C8844F94A7}.RelWithDebInfo|MSFS.ActiveCfg = Release|MSFS
		{06DC21B8-0B00-413A-B6D2-58C8844F94A7}.RelWithDebInfo|MSFS.Build.0 = Release|MSFS
		{06DC21B8-0B00-413A-B6D2-58C8844F94A7}.RelWithDebInfo|x64.ActiveCfg = Release|MSFS
		{06DC21B8-0B00-413A-B6D2-58C8844F94A7}.RelWithDebInfo|x64.Build.0 = Release|MSFS
		{06DC21B8-0B00-413A-B6D2-58C8844F94A7}.RelWithDebInfo|x86.ActiveCfg = Release|MSFS
		{06DC21B8-0B00-413A-B6D2-58C8844F94A7}.RelWithDebInfo|x86.Build.0 = Release|MSFS
		{B0048D6F-2B70-4409-8B9B-2C4099F37770}.Debug|MSFS.ActiveCfg = Debug|MSFS
		{B0048D6F-2B70-4409-8B9B-2C4099F37770}.Debug|MSFS.Build.0 = Debug|MSFS
		{B0048D6F-2B70-4409-8B9B-2C4099F37770}.Debug|x64.ActiveCfg = Debug|MSFS
		{B0048D6F-2B70-4409-8B9B-2C4099F37770}.Debug|x64.Build.0 = Debug|MSFS
		{B0048D6F-2B70-4409-8B9B-2C4099F37770}.Debug|x86.ActiveCfg = Debug|MSFS
		{B0048D6F-2B70-4409-8B9B-2C4099F37770}.Debug|x86.Build.0 = Debug|MSFS
		{B0048D6F-2B70-4409-8B9B-2C4099F37770}.MinSizeRel|MSFS.ActiveCfg = Debug|MSFS
		{B0048D6F-2B70-4409-8B9B-2C4099F37770}.MinSizeRel|MSFS.Build.0 = Debug|MSFS
		{B0048D6F-2B70-4409-8B9B-2C4099F37770}.MinSizeRel|x64.ActiveCfg = Debug|MSFS
		{B0048D6F-2B70-4409-8B9B-2C4099F37770}.MinSizeRel|x64.Build.0 = Debug|MSFS
		{B0048D6F-2B70-4409-8B9B-2C4099F37770}.MinSizeRel|x86.ActiveCfg = Debug|MSFS
		{B0048D6F-2B70-4409-8B9B-2C4099F37770}.MinSizeRel|x86.Build.0 = Debug|MSFS
		{B0048D6F-2B70-4409-8B9B-2C4099F37770}.Release|MSFS.ActiveCfg = Release|MSFS
		{B0048D6F-2B70-4409-8B9B-2C4099F37770}.Release|MSFS.Build.0 = Release|MSFS
		{B0048D6F-2B70-4409-8B9B-2C4099F37770}.Release|x64.ActiveCfg = Release|MSFS
		{B0048D6F-2B70-4409-8B9B-2C4099F37770}.Release|x64.Build.0 = Release|MSFS
		{B0048D6F-2B70-4409-8B9B-2C4099F37770}.Release|x86.ActiveCfg = Release|MSFS
		{B0048D6F-2B70-4409-8B9B-2C4099F37770}.Release|x86.Build.0 = Release|MSFS
		{B0048D6F-2B70-4409-8B9B-2C4099F37770}.RelWithDebInfo|MSFS.ActiveCfg = Release|MSFS
		{B0048D6F-2B70-4409-8B9B-2C4099F37770}.RelWithDebInfo|MSFS.Build.0 = Release|MSFS
		{B0048D6F-2B70-4409-8B9B-2C4099F37770}.RelWithDebInfo|x64.ActiveCfg = Release|MSFS
		{B0048D6F-2B70-4409-8B9B-2C4099F37770}.RelWithDebInfo|x64.Build.0 = Release|MSFS
		{B0048D6F-2B70-4409-8B9B-2C4099F37770}.RelWithDebInfo|x86.ActiveCfg = Release|MSFS
		{B0048D6F-2B70-4409-8B9B-2C4099F37770}.RelWithDebInfo|x86.Build.0 = Release|MSFS
		{9C025D65-9FD3-4C33-8BB4-82387922C9D3}.Debug|MSFS.ActiveCfg = Debug|MSFS
		{9C025D65-9FD3-4C33-8BB4-82387922C9D3}.Debug|MSFS.Build.0 = Debug|MSFS
		{9C025D65-9FD3-4C33-8BB4-82387922C9D3}.Debug|x64.ActiveCfg = Debug|MSFS
		{9C025D65-9FD3-4C33-8BB4-82387922C9D3}.Debug|x64.Build.0 = Debug|MSFS
		{9C025D65-9FD3-4C33-8BB4-82387922C9D3}.Debug|x86.ActiveCfg = Debug|MSFS
		{9C025D65-9FD3-4C33-8BB4-82387922C9D3}.Debug|x86.Build.0 = Debug|MSFS
		{9C025D65-9FD3-4C33-8BB4-82387922C9D3}.MinSizeRel|MSFS.ActiveCfg = Debug|MSFS
		{9C025D65-9FD3-4C33-8BB4-82387922C9D3}.MinSizeRel|MSFS.Build.0 = Debug|MSFS
		{9C025D65-9FD3-4C33-8BB4-82387922C9D3}.MinSizeRel|x64.ActiveCfg = Debug|MSFS
		{9C025D65-9FD3-4C33-8BB4-82387922C9D3}.MinSizeRel|x64.Build.0 = Debug|MSFS
		{9C025D65-9FD3-4C33-8BB4-82387922C9D3}.MinSizeRel|x86.ActiveCfg = Debug|MSFS
		{9C025D65-9FD3-4C33-8BB4-82387922C9D3}.MinSizeRel|x86.Build.0 = Debug|MSFS
		{9C025D65-9FD3-4C33-8BB4-82387922C9D3}.Release|MSFS.ActiveCfg = Release|MSFS
		{9C025D65-9FD3-4C33-8BB4-82387922C9D3}.Release|MSFS.Build.0 = Release|MSFS
		{9C025D65-9FD3-4C33-8BB4-82387922C9D3}.Release|x64.ActiveCfg = Release|MSFS
		{9C025D65-9FD3-4C33-8BB4-82387922C9D3}.Release|x64.Build.0 = Release|MSFS
		{9C025D65-9FD3-4C33-8BB4-82387922C9D3}.Release|x86.ActiveCfg = Release|MSFS
		{9C025D65-9FD3-4C33-8BB4-82387922C9D3}.Release|x86.Build.0 = Release|MSFS
		{9C025D65-9FD3-4C33-8BB4-82387922C9D3}.RelWithDebInfo|MSFS.ActiveCfg = Release|MSFS
		{9C025D65-9FD3-4C33-8BB4-82387922C9D3}.RelWithDebInfo|MSFS.Build.0 = Release|MSFS
		{9C025D65-9FD3-4C33-8BB4-82387922C9D3}.RelWithDebInfo|x64.ActiveCfg = Release|MSFS
		{9C025D65-9FD3-4C33-8BB4-82387922C9D3}.RelWithDebInfo|x64.Build.0 = Release|MSFS
		{9C025D65-9FD3-4C33-8BB4-82387922C9D3}.RelWithDebInfo|x86.ActiveCfg = Release|MSFS
		{9C025D65-9FD3-4C33-8BB4-82387922C9D3}.RelWithDebInfo|x86.Build.0 = Release|MSFS
	EndGlobalSection
	GlobalSection(SolutionProperties) = preSolution
		HideSolutionNode = FALSE
	EndGlobalSection
	GlobalSection(ExtensibilityGlobals) = postSolution
		SolutionGuid = {A683588E-13C3-418D-9FCC-08AB6B56ABDB}
	EndGlobalSection
EndGlobal
